
Microsoft Visual Studio Solution File, Format Version 12.00
# Visual Studio Version 17
VisualStudioVersion = 17.4.33205.214
MinimumVisualStudioVersion = 10.0.40219.1
Project("{FAE04EC0-301F-11D3-BF4B-00C04F79EFBC}") = "New CSharp Fesatures", "New CSharp Fesatures\New CSharp Fesatures.csproj", "{BA36D0DB-4ED8-4003-843F-28433F44D186}"
EndProject
Global
	GlobalSection(SolutionConfigurationPlatforms) = preSolution
		Debug|Any CPU = Debug|Any CPU
		Release|Any CPU = Release|Any CPU
	EndGlobalSection
	GlobalSection(ProjectConfigurationPlatforms) = postSolution
		{BA36D0DB-4ED8-4003-843F-28433F44D186}.Debug|Any CPU.ActiveCfg = Debug|Any CPU
		{BA36D0DB-4ED8-4003-843F-28433F44D186}.Debug|Any CPU.Build.0 = Debug|Any CPU
		{BA36D0DB-4ED8-4003-843F-28433F44D186}.Release|Any CPU.ActiveCfg = Release|Any CPU
		{BA36D0DB-4ED8-4003-843F-28433F44D186}.Release|Any CPU.Build.0 = Release|Any CPU
	EndGlobalSection
	GlobalSection(SolutionProperties) = preSolution
		HideSolutionNode = FALSE
	EndGlobalSection
	GlobalSection(ExtensibilityGlobals) = postSolution
		SolutionGuid = {B806EB76-B27A-4E26-B6C2-C25ADEA3E6AC}
	EndGlobalSection
EndGlobal
